
Microsoft Visual Studio Solution File, Format Version 12.00
# Visual Studio Version 17
VisualStudioVersion = 17.4.33122.133
MinimumVisualStudioVersion = 10.0.40219.1
Project("{888888A0-9F3D-457C-B088-3A5042F75D52}") = "AuthorizationTask", "AuthorizationTask\AuthorizationTask.pyproj", "{6334F8EA-72C0-41AF-A215-545CE0CA488D}"
EndProject
Global
	GlobalSection(SolutionConfigurationPlatforms) = preSolution
		Debug|Any CPU = Debug|Any CPU
		Release|Any CPU = Release|Any CPU
	EndGlobalSection
	GlobalSection(ProjectConfigurationPlatforms) = postSolution
		{6334F8EA-72C0-41AF-A215-545CE0CA488D}.Debug|Any CPU.ActiveCfg = Debug|Any CPU
		{6334F8EA-72C0-41AF-A215-545CE0CA488D}.Release|Any CPU.ActiveCfg = Release|Any CPU
	EndGlobalSection
	GlobalSection(SolutionProperties) = preSolution
		HideSolutionNode = FALSE
	EndGlobalSection
	GlobalSection(ExtensibilityGlobals) = postSolution
		SolutionGuid = {F474777E-F183-4539-AEDE-F8A4FD793691}
	EndGlobalSection
EndGlobal
